
Microsoft Visual Studio Solution File, Format Version 12.00
# Visual Studio Version 17
VisualStudioVersion = 17.10.35122.118
MinimumVisualStudioVersion = 10.0.40219.1
Project("{FAE04EC0-301F-11D3-BF4B-00C04F79EFBC}") = "Calculadora", "Calculadora.csproj", "{7FB1894B-DE60-485C-BD84-0D395C04C21D}"
EndProject
Global
	GlobalSection(SolutionConfigurationPlatforms) = preSolution
		Debug|Any CPU = Debug|Any CPU
		Release|Any CPU = Release|Any CPU
	EndGlobalSection
	GlobalSection(ProjectConfigurationPlatforms) = postSolution
		{7FB1894B-DE60-485C-BD84-0D395C04C21D}.Debug|Any CPU.ActiveCfg = Debug|Any CPU
		{7FB1894B-DE60-485C-BD84-0D395C04C21D}.Debug|Any CPU.Build.0 = Debug|Any CPU
		{7FB1894B-DE60-485C-BD84-0D395C04C21D}.Release|Any CPU.ActiveCfg = Release|Any CPU
		{7FB1894B-DE60-485C-BD84-0D395C04C21D}.Release|Any CPU.Build.0 = Release|Any CPU
	EndGlobalSection
	GlobalSection(SolutionProperties) = preSolution
		HideSolutionNode = FALSE
	EndGlobalSection
	GlobalSection(ExtensibilityGlobals) = postSolution
		SolutionGuid = {318DD162-0CE0-4321-B354-D07F21E78FBC}
	EndGlobalSection
EndGlobal
